{
  "name": "audio-chunk",
  "version": "1.0.0",
  "lockfileVersion": 3,
  "requires": true,
  "packages": {
    "": {
      "name": "audio-chunk",
      "version": "1.0.0",
      "license": "MIT",
      "dependencies": {
        "cbor": "^10.0.3"
      }
    },
    "node_modules/cbor": {
      "version": "10.0.3",
      "resolved": "https://registry.npmjs.org/cbor/-/cbor-10.0.3.tgz",
      "integrity": "sha512-72Jnj81xMsqepqdcSdf2+fflz/UDsThOHy5hj2MW5F5xzHL8Oa0KQ6I6V9CwVUPxg5pf+W9xp6W2KilaRXWWtw==",
      "dependencies": {
        "nofilter": "^3.0.2"
      },
      "engines": {
        "node": ">=18"
      }
    },
    "node_modules/nofilter": {
      "version": "3.1.0",
      "resolved": "https://registry.npmjs.org/nofilter/-/nofilter-3.1.0.tgz",
      "integrity": "sha512-l2NNj07e9afPnhAhvgVrCD/oy2Ai1yfLpuo3EpiO1jFTsB4sFz6oIfAfSZyQzVpkZQ9xS8ZS5g1jCBgq4Hwo0g==",
      "engines": {
        "node": ">=12.19"
      }
    }
  }
}
